
Microsoft Visual Studio Solution File, Format Version 12.00
# Visual Studio Version 16
VisualStudioVersion = 16.0.31624.102
MinimumVisualStudioVersion = 10.0.40219.1
Project("{FAE04EC0-301F-11D3-BF4B-00C04F79EFBC}") = "OOPAndFiles", "OOPAndFiles\OOPAndFiles.csproj", "{A7042843-3E5C-455D-8815-0DC16467745B}"
EndProject
Project("{FAE04EC0-301F-11D3-BF4B-00C04F79EFBC}") = "Frozen", "Frozen\Frozen.csproj", "{554E0F25-0F4F-4C28-ADCF-29AACE8FE428}"
EndProject
Global
	GlobalSection(SolutionConfigurationPlatforms) = preSolution
		Debug|Any CPU = Debug|Any CPU
		Release|Any CPU = Release|Any CPU
	EndGlobalSection
	GlobalSection(ProjectConfigurationPlatforms) = postSolution
		{A7042843-3E5C-455D-8815-0DC16467745B}.Debug|Any CPU.ActiveCfg = Debug|Any CPU
		{A7042843-3E5C-455D-8815-0DC16467745B}.Debug|Any CPU.Build.0 = Debug|Any CPU
		{A7042843-3E5C-455D-8815-0DC16467745B}.Release|Any CPU.ActiveCfg = Release|Any CPU
		{A7042843-3E5C-455D-8815-0DC16467745B}.Release|Any CPU.Build.0 = Release|Any CPU
		{554E0F25-0F4F-4C28-ADCF-29AACE8FE428}.Debug|Any CPU.ActiveCfg = Debug|Any CPU
		{554E0F25-0F4F-4C28-ADCF-29AACE8FE428}.Debug|Any CPU.Build.0 = Debug|Any CPU
		{554E0F25-0F4F-4C28-ADCF-29AACE8FE428}.Release|Any CPU.ActiveCfg = Release|Any CPU
		{554E0F25-0F4F-4C28-ADCF-29AACE8FE428}.Release|Any CPU.Build.0 = Release|Any CPU
	EndGlobalSection
	GlobalSection(SolutionProperties) = preSolution
		HideSolutionNode = FALSE
	EndGlobalSection
	GlobalSection(ExtensibilityGlobals) = postSolution
		SolutionGuid = {F201EFF9-674E-4AD5-8D0A-449E6F206686}
	EndGlobalSection
EndGlobal
